// !$*UTF8*$!
{
	archiveVersion = 1;
	classes = {
	};
	objectVersion = 48;
	objects = {

/* Begin PBXBuildFile section */
		C67E1628203EA7D1008DD08C /* SQLite.framework in Frameworks */ = {isa = PBXBuildFile; fileRef = C67E161A203EA7A1008DD08C /* SQLite.framework */; };
		C67E1629203EA7ED008DD08C /* SQLite.framework in Frameworks */ = {isa = PBXBuildFile; fileRef = C67E161A203EA7A1008DD08C /* SQLite.framework */; };
		C67E162A203EA7ED008DD08C /* SQLite.framework in Embed Frameworks */ = {isa = PBXBuildFile; fileRef = C67E161A203EA7A1008DD08C /* SQLite.framework */; settings = {ATTRIBUTES = (CodeSignOnCopy, RemoveHeadersOnCopy, ); }; };
		C68BE094203E9E9C006DF19A /* AppDelegate.swift in Sources */ = {isa = PBXBuildFile; fileRef = C68BE093203E9E9C006DF19A /* AppDelegate.swift */; };
		C68BE096203E9E9C006DF19A /* ViewController.swift in Sources */ = {isa = PBXBuildFile; fileRef = C68BE095203E9E9C006DF19A /* ViewController.swift */; };
		C68BE099203E9E9C006DF19A /* Main.storyboard in Resources */ = {isa = PBXBuildFile; fileRef = C68BE097203E9E9C006DF19A /* Main.storyboard */; };
		C68BE09B203E9E9C006DF19A /* Assets.xcassets in Resources */ = {isa = PBXBuildFile; fileRef = C68BE09A203E9E9C006DF19A /* Assets.xcassets */; };
		C68BE09E203E9E9C006DF19A /* LaunchScreen.storyboard in Resources */ = {isa = PBXBuildFile; fileRef = C68BE09C203E9E9C006DF19A /* LaunchScreen.storyboard */; };
		C6BE4593203FEEAA00A037E7 /* SViewController.swift in Sources */ = {isa = PBXBuildFile; fileRef = C6BE4592203FEEAA00A037E7 /* SViewController.swift */; };
/* End PBXBuildFile section */

/* Begin PBXContainerItemProxy section */
		C67E1619203EA7A1008DD08C /* PBXContainerItemProxy */ = {
			isa = PBXContainerItemProxy;
			containerPortal = C67E160F203EA7A1008DD08C /* SQLite.xcodeproj */;
			proxyType = 2;
			remoteGlobalIDString = EE247AD31C3F04ED00AE3E12;
			remoteInfo = "SQLite iOS";
		};
		C67E161B203EA7A1008DD08C /* PBXContainerItemProxy */ = {
			isa = PBXContainerItemProxy;
			containerPortal = C67E160F203EA7A1008DD08C /* SQLite.xcodeproj */;
			proxyType = 2;
			remoteGlobalIDString = EE247ADD1C3F04ED00AE3E12;
			remoteInfo = "SQLiteTests iOS";
		};
		C67E161D203EA7A1008DD08C /* PBXContainerItemProxy */ = {
			isa = PBXContainerItemProxy;
			containerPortal = C67E160F203EA7A1008DD08C /* SQLite.xcodeproj */;
			proxyType = 2;
			remoteGlobalIDString = EE247B3C1C3F3ED000AE3E12;
			remoteInfo = "SQLite Mac";
		};
		C67E161F203EA7A1008DD08C /* PBXContainerItemProxy */ = {
			isa = PBXContainerItemProxy;
			containerPortal = C67E160F203EA7A1008DD08C /* SQLite.xcodeproj */;
			proxyType = 2;
			remoteGlobalIDString = EE247B451C3F3ED000AE3E12;
			remoteInfo = "SQLiteTests Mac";
		};
		C67E1621203EA7A1008DD08C /* PBXContainerItemProxy */ = {
			isa = PBXContainerItemProxy;
			containerPortal = C67E160F203EA7A1008DD08C /* SQLite.xcodeproj */;
			proxyType = 2;
			remoteGlobalIDString = 03A65E5A1C6BB0F50062603F;
			remoteInfo = "SQLite tvOS";
		};
		C67E1623203EA7A1008DD08C /* PBXContainerItemProxy */ = {
			isa = PBXContainerItemProxy;
			containerPortal = C67E160F203EA7A1008DD08C /* SQLite.xcodeproj */;
			proxyType = 2;
			remoteGlobalIDString = 03A65E631C6BB0F60062603F;
			remoteInfo = "SQLiteTests tvOS";
		};
		C67E1625203EA7A1008DD08C /* PBXContainerItemProxy */ = {
			isa = PBXContainerItemProxy;
			containerPortal = C67E160F203EA7A1008DD08C /* SQLite.xcodeproj */;
			proxyType = 2;
			remoteGlobalIDString = A121AC451CA35C79005A31D1;
			remoteInfo = "SQLite watchOS";
		};
		C67E162B203EA7ED008DD08C /* PBXContainerItemProxy */ = {
			isa = PBXContainerItemProxy;
			containerPortal = C67E160F203EA7A1008DD08C /* SQLite.xcodeproj */;
			proxyType = 1;
			remoteGlobalIDString = EE247AD21C3F04ED00AE3E12;
			remoteInfo = "SQLite iOS";
		};
/* End PBXContainerItemProxy section */

/* Begin PBXCopyFilesBuildPhase section */
		C67E162D203EA7EE008DD08C /* Embed Frameworks */ = {
			isa = PBXCopyFilesBuildPhase;
			buildActionMask = 2147483647;
			dstPath = "";
			dstSubfolderSpec = 10;
			files = (
				C67E162A203EA7ED008DD08C /* SQLite.framework in Embed Frameworks */,
			);
			name = "Embed Frameworks";
			runOnlyForDeploymentPostprocessing = 0;
		};
/* End PBXCopyFilesBuildPhase section */

/* Begin PBXFileReference section */
		C67E160F203EA7A1008DD08C /* SQLite.xcodeproj */ = {isa = PBXFileReference; lastKnownFileType = "wrapper.pb-project"; name = SQLite.xcodeproj; path = "../../../../../Users/im100ruv/Downloads/SQLite.swift-master/SQLite.xcodeproj"; sourceTree = "<group>"; };
		C68BE090203E9E9C006DF19A /* UsingSQLite.app */ = {isa = PBXFileReference; explicitFileType = wrapper.application; includeInIndex = 0; path = UsingSQLite.app; sourceTree = BUILT_PRODUCTS_DIR; };
		C68BE093203E9E9C006DF19A /* AppDelegate.swift */ = {isa = PBXFileReference; lastKnownFileType = sourcecode.swift; path = AppDelegate.swift; sourceTree = "<group>"; };
		C68BE095203E9E9C006DF19A /* ViewController.swift */ = {isa = PBXFileReference; lastKnownFileType = sourcecode.swift; path = ViewController.swift; sourceTree = "<group>"; };
		C68BE098203E9E9C006DF19A /* Base */ = {isa = PBXFileReference; lastKnownFileType = file.storyboard; name = Base; path = Base.lproj/Main.storyboard; sourceTree = "<group>"; };
		C68BE09A203E9E9C006DF19A /* Assets.xcassets */ = {isa = PBXFileReference; lastKnownFileType = folder.assetcatalog; path = Assets.xcassets; sourceTree = "<group>"; };
		C68BE09D203E9E9C006DF19A /* Base */ = {isa = PBXFileReference; lastKnownFileType = file.storyboard; name = Base; path = Base.lproj/LaunchScreen.storyboard; sourceTree = "<group>"; };
		C68BE09F203E9E9C006DF19A /* Info.plist */ = {isa = PBXFileReference; lastKnownFileType = text.plist.xml; path = Info.plist; sourceTree = "<group>"; };
		C6BE4592203FEEAA00A037E7 /* SViewController.swift */ = {isa = PBXFileReference; lastKnownFileType = sourcecode.swift; path = SViewController.swift; sourceTree = "<group>"; };
/* End PBXFileReference section */

/* Begin PBXFrameworksBuildPhase section */
		C68BE08D203E9E9C006DF19A /* Frameworks */ = {
			isa = PBXFrameworksBuildPhase;
			buildActionMask = 2147483647;
			files = (
				C67E1629203EA7ED008DD08C /* SQLite.framework in Frameworks */,
				C67E1628203EA7D1008DD08C /* SQLite.framework in Frameworks */,
			);
			runOnlyForDeploymentPostprocessing = 0;
		};
/* End PBXFrameworksBuildPhase section */

/* Begin PBXGroup section */
		C67E1610203EA7A1008DD08C /* Products */ = {
			isa = PBXGroup;
			children = (
				C67E161A203EA7A1008DD08C /* SQLite.framework */,
				C67E161C203EA7A1008DD08C /* SQLiteTests iOS.xctest */,
				C67E161E203EA7A1008DD08C /* SQLite.framework */,
				C67E1620203EA7A1008DD08C /* SQLiteTests Mac.xctest */,
				C67E1622203EA7A1008DD08C /* SQLite.framework */,
				C67E1624203EA7A1008DD08C /* SQLiteTests tvOS.xctest */,
				C67E1626203EA7A1008DD08C /* SQLite.framework */,
			);
			name = Products;
			sourceTree = "<group>";
		};
		C67E1627203EA7D1008DD08C /* Frameworks */ = {
			isa = PBXGroup;
			children = (
			);
			name = Frameworks;
			sourceTree = "<group>";
		};
		C68BE087203E9E9C006DF19A = {
			isa = PBXGroup;
			children = (
				C68BE092203E9E9C006DF19A /* UsingSQLite */,
				C68BE091203E9E9C006DF19A /* Products */,
				C67E160F203EA7A1008DD08C /* SQLite.xcodeproj */,
				C67E1627203EA7D1008DD08C /* Frameworks */,
			);
			sourceTree = "<group>";
		};
		C68BE091203E9E9C006DF19A /* Products */ = {
			isa = PBXGroup;
			children = (
				C68BE090203E9E9C006DF19A /* UsingSQLite.app */,
			);
			name = Products;
			sourceTree = "<group>";
		};
		C68BE092203E9E9C006DF19A /* UsingSQLite */ = {
			isa = PBXGroup;
			children = (
				C68BE093203E9E9C006DF19A /* AppDelegate.swift */,
				C68BE095203E9E9C006DF19A /* ViewController.swift */,
				C6BE4592203FEEAA00A037E7 /* SViewController.swift */,
				C68BE097203E9E9C006DF19A /* Main.storyboard */,
				C68BE09A203E9E9C006DF19A /* Assets.xcassets */,
				C68BE09C203E9E9C006DF19A /* LaunchScreen.storyboard */,
				C68BE09F203E9E9C006DF19A /* Info.plist */,
			);
			path = UsingSQLite;
			sourceTree = "<group>";
		};
/* End PBXGroup section */

/* Begin PBXNativeTarget section */
		C68BE08F203E9E9C006DF19A /* UsingSQLite */ = {
			isa = PBXNativeTarget;
			buildConfigurationList = C68BE0A2203E9E9C006DF19A /* Build configuration list for PBXNativeTarget "UsingSQLite" */;
			buildPhases = (
				C68BE08C203E9E9C006DF19A /* Sources */,
				C68BE08D203E9E9C006DF19A /* Frameworks */,
				C68BE08E203E9E9C006DF19A /* Resources */,
				C67E162D203EA7EE008DD08C /* Embed Frameworks */,
			);
			buildRules = (
			);
			dependencies = (
				C67E162C203EA7ED008DD08C /* PBXTargetDependency */,
			);
			name = UsingSQLite;
			productName = UsingSQLite;
			productReference = C68BE090203E9E9C006DF19A /* UsingSQLite.app */;
			productType = "com.apple.product-type.application";
		};
/* End PBXNativeTarget section */

/* Begin PBXProject section */
		C68BE088203E9E9C006DF19A /* Project object */ = {
			isa = PBXProject;
			attributes = {
				LastSwiftUpdateCheck = 0920;
				LastUpgradeCheck = 0920;
				ORGANIZATIONNAME = Im100ruv;
				TargetAttributes = {
					C68BE08F203E9E9C006DF19A = {
						CreatedOnToolsVersion = 9.2;
						ProvisioningStyle = Automatic;
					};
				};
			};
			buildConfigurationList = C68BE08B203E9E9C006DF19A /* Build configuration list for PBXProject "UsingSQLite" */;
			compatibilityVersion = "Xcode 8.0";
			developmentRegion = en;
			hasScannedForEncodings = 0;
			knownRegions = (
				en,
				Base,
			);
			mainGroup = C68BE087203E9E9C006DF19A;
			productRefGroup = C68BE091203E9E9C006DF19A /* Products */;
			projectDirPath = "";
			projectReferences = (
				{
					ProductGroup = C67E1610203EA7A1008DD08C /* Products */;
					ProjectRef = C67E160F203EA7A1008DD08C /* SQLite.xcodeproj */;
				},
			);
			projectRoot = "";
			targets = (
				C68BE08F203E9E9C006DF19A /* UsingSQLite */,
			);
		};
/* End PBXProject section */

/* Begin PBXReferenceProxy section */
		C67E161A203EA7A1008DD08C /* SQLite.framework */ = {
			isa = PBXReferenceProxy;
			fileType = wrapper.framework;
			path = SQLite.framework;
			remoteRef = C67E1619203EA7A1008DD08C /* PBXContainerItemProxy */;
			sourceTree = BUILT_PRODUCTS_DIR;
		};
		C67E161C203EA7A1008DD08C /* SQLiteTests iOS.xctest */ = {
			isa = PBXReferenceProxy;
			fileType = wrapper.cfbundle;
			path = "SQLiteTests iOS.xctest";
			remoteRef = C67E161B203EA7A1008DD08C /* PBXContainerItemProxy */;
			sourceTree = BUILT_PRODUCTS_DIR;
		};
		C67E161E203EA7A1008DD08C /* SQLite.framework */ = {
			isa = PBXReferenceProxy;
			fileType = wrapper.framework;
			path = SQLite.framework;
			remoteRef = C67E161D203EA7A1008DD08C /* PBXContainerItemProxy */;
			sourceTree = BUILT_PRODUCTS_DIR;
		};
		C67E1620203EA7A1008DD08C /* SQLiteTests Mac.xctest */ = {
			isa = PBXReferenceProxy;
			fileType = wrapper.cfbundle;
			path = "SQLiteTests Mac.xctest";
			remoteRef = C67E161F203EA7A1008DD08C /* PBXContainerItemProxy */;
			sourceTree = BUILT_PRODUCTS_DIR;
		};
		C67E1622203EA7A1008DD08C /* SQLite.framework */ = {
			isa = PBXReferenceProxy;
			fileType = wrapper.framework;
			path = SQLite.framework;
			remoteRef = C67E1621203EA7A1008DD08C /* PBXContainerItemProxy */;
			sourceTree = BUILT_PRODUCTS_DIR;
		};
		C67E1624203EA7A1008DD08C /* SQLiteTests tvOS.xctest */ = {
			isa = PBXReferenceProxy;
			fileType = wrapper.cfbundle;
			path = "SQLiteTests tvOS.xctest";
			remoteRef = C67E1623203EA7A1008DD08C /* PBXContainerItemProxy */;
			sourceTree = BUILT_PRODUCTS_DIR;
		};
		C67E1626203EA7A1008DD08C /* SQLite.framework */ = {
			isa = PBXReferenceProxy;
			fileType = wrapper.framework;
			path = SQLite.framework;
			remoteRef = C67E1625203EA7A1008DD08C /* PBXContainerItemProxy */;
			sourceTree = BUILT_PRODUCTS_DIR;
		};
/* End PBXReferenceProxy section */

/* Begin PBXResourcesBuildPhase section */
		C68BE08E203E9E9C006DF19A /* Resources */ = {
			isa = PBXResourcesBuildPhase;
			buildActionMask = 2147483647;
			files = (
				C68BE09E203E9E9C006DF19A /* LaunchScreen.storyboard in Resources */,
				C68BE09B203E9E9C006DF19A /* Assets.xcassets in Resources */,
				C68BE099203E9E9C006DF19A /* Main.storyboard in Resources */,
			);
			runOnlyForDeploymentPostprocessing = 0;
		};
/* End PBXResourcesBuildPhase section */

/* Begin PBXSourcesBuildPhase section */
		C68BE08C203E9E9C006DF19A /* Sources */ = {
			isa = PBXSourcesBuildPhase;
			buildActionMask = 2147483647;
			files = (
				C68BE096203E9E9C006DF19A /* ViewController.swift in Sources */,
				C6BE4593203FEEAA00A037E7 /* SViewController.swift in Sources */,
				C68BE094203E9E9C006DF19A /* AppDelegate.swift in Sources */,
			);
			runOnlyForDeploymentPostprocessing = 0;
		};
/* End PBXSourcesBuildPhase section */

/* Begin PBXTargetDependency section */
		C67E162C203EA7ED008DD08C /* PBXTargetDependency */ = {
			isa = PBXTargetDependency;
			name = "SQLite iOS";
			targetProxy = C67E162B203EA7ED008DD08C /* PBXContainerItemProxy */;
		};
/* End PBXTargetDependency section */

/* Begin PBXVariantGroup section */
		C68BE097203E9E9C006DF19A /* Main.storyboard */ = {
			isa = PBXVariantGroup;
			children = (
				C68BE098203E9E9C006DF19A /* Base */,
			);
			name = Main.storyboard;
			sourceTree = "<group>";
		};
		C68BE09C203E9E9C006DF19A /* LaunchScreen.storyboard */ = {
			isa = PBXVariantGroup;
			children = (
				C68BE09D203E9E9C006DF19A /* Base */,
			);
			name = LaunchScreen.storyboard;
			sourceTree = "<group>";
		};
/* End PBXVariantGroup section */

/* Begin XCBuildConfiguration section */
		C68BE0A0203E9E9C006DF19A /* Debug */ = {
			isa = XCBuildConfiguration;
			buildSettings = {
				ALWAYS_SEARCH_USER_PATHS = NO;
				CLANG_ANALYZER_NONNULL = YES;
				CLANG_ANALYZER_NUMBER_OBJECT_CONVERSION = YES_AGGRESSIVE;
				CLANG_CXX_LANGUAGE_STANDARD = "gnu++14";
				CLANG_CXX_LIBRARY = "libc++";
				CLANG_ENABLE_MODULES = YES;
				CLANG_ENABLE_OBJC_ARC = YES;
				CLANG_WARN_BLOCK_CAPTURE_AUTORELEASING = YES;
				CLANG_WARN_BOOL_CONVERSION = YES;
				CLANG_WARN_COMMA = YES;
				CLANG_WARN_CONSTANT_CONVERSION = YES;
				CLANG_WARN_DIRECT_OBJC_ISA_USAGE = YES_ERROR;
				CLANG_WARN_DOCUMENTATION_COMMENTS = YES;
				CLANG_WARN_EMPTY_BODY = YES;
				CLANG_WARN_ENUM_CONVERSION = YES;
				CLANG_WARN_INFINITE_RECURSION = YES;
				CLANG_WARN_INT_CONVERSION = YES;
				CLANG_WARN_NON_LITERAL_NULL_CONVERSION = YES;
				CLANG_WARN_OBJC_LITERAL_CONVERSION = YES;
				CLANG_WARN_OBJC_ROOT_CLASS = YES_ERROR;
				CLANG_WARN_RANGE_LOOP_ANALYSIS = YES;
				CLANG_WARN_STRICT_PROTOTYPES = YES;
				CLANG_WARN_SUSPICIOUS_MOVE = YES;
				CLANG_WARN_UNGUARDED_AVAILABILITY = YES_AGGRESSIVE;
				CLANG_WARN_UNREACHABLE_CODE = YES;
				CLANG_WARN__DUPLICATE_METHOD_MATCH = YES;
				CODE_SIGN_IDENTITY = "iPhone Developer";
				COPY_PHASE_STRIP = NO;
				DEBUG_INFORMATION_FORMAT = dwarf;
				ENABLE_STRICT_OBJC_MSGSEND = YES;
				ENABLE_TESTABILITY = YES;
				GCC_C_LANGUAGE_STANDARD = gnu11;
				GCC_DYNAMIC_NO_PIC = NO;
				GCC_NO_COMMON_BLOCKS = YES;
				GCC_OPTIMIZATION_LEVEL = 0;
				GCC_PREPROCESSOR_DEFINITIONS = (
					"DEBUG=1",
					"$(inherited)",
				);
				GCC_WARN_64_TO_32_BIT_CONVERSION = YES;
				GCC_WARN_ABOUT_RETURN_TYPE = YES_ERROR;
				GCC_WARN_UNDECLARED_SELECTOR = YES;
				GCC_WARN_UNINITIALIZED_AUTOS = YES_AGGRESSIVE;
				GCC_WARN_UNUSED_FUNCTION = YES;
				GCC_WARN_UNUSED_VARIABLE = YES;
				IPHONEOS_DEPLOYMENT_TARGET = 11.2;
				MTL_ENABLE_DEBUG_INFO = YES;
				ONLY_ACTIVE_ARCH = YES;
				SDKROOT = iphoneos;
				SWIFT_ACTIVE_COMPILATION_CONDITIONS = DEBUG;
				SWIFT_OPTIMIZATION_LEVEL = "-Onone";
			};
			name = Debug;
		};
		C68BE0A1203E9E9C006DF19A /* Release */ = {
			isa = XCBuildConfiguration;
			buildSettings = {
				ALWAYS_SEARCH_USER_PATHS = NO;
				CLANG_ANALYZER_NONNULL = YES;
				CLANG_ANALYZER_NUMBER_OBJECT_CONVERSION = YES_AGGRESSIVE;
				CLANG_CXX_LANGUAGE_STANDARD = "gnu++14";
				CLANG_CXX_LIBRARY = "libc++";
				CLANG_ENABLE_MODULES = YES;
				CLANG_ENABLE_OBJC_ARC = YES;
				CLANG_WARN_BLOCK_CAPTURE_AUTORELEASING = YES;
				CLANG_WARN_BOOL_CONVERSION = YES;
				CLANG_WARN_COMMA = YES;
				CLANG_WARN_CONSTANT_CONVERSION = YES;
				CLANG_WARN_DIRECT_OBJC_ISA_USAGE = YES_ERROR;
				CLANG_WARN_DOCUMENTATION_COMMENTS = YES;
				CLANG_WARN_EMPTY_BODY = YES;
				CLANG_WARN_ENUM_CONVERSION = YES;
				CLANG_WARN_INFINITE_RECURSION = YES;
				CLANG_WARN_INT_CONVERSION = YES;
				CLANG_WARN_NON_LITERAL_NULL_CONVERSION = YES;
				CLANG_WARN_OBJC_LITERAL_CONVERSION = YES;
				CLANG_WARN_OBJC_ROOT_CLASS = YES_ERROR;
				CLANG_WARN_RANGE_LOOP_ANALYSIS = YES;
				CLANG_WARN_STRICT_PROTOTYPES = YES;
				CLANG_WARN_SUSPICIOUS_MOVE = YES;
				CLANG_WARN_UNGUARDED_AVAILABILITY = YES_AGGRESSIVE;
				CLANG_WARN_UNREACHABLE_CODE = YES;
				CLANG_WARN__DUPLICATE_METHOD_MATCH = YES;
				CODE_SIGN_IDENTITY = "iPhone Developer";
				COPY_PHASE_STRIP = NO;
				DEBUG_INFORMATION_FORMAT = "dwarf-with-dsym";
				ENABLE_NS_ASSERTIONS = NO;
				ENABLE_STRICT_OBJC_MSGSEND = YES;
				GCC_C_LANGUAGE_STANDARD = gnu11;
				GCC_NO_COMMON_BLOCKS = YES;
				GCC_WARN_64_TO_32_BIT_CONVERSION = YES;
				GCC_WARN_ABOUT_RETURN_TYPE = YES_ERROR;
				GCC_WARN_UNDECLARED_SELECTOR = YES;
				GCC_WARN_UNINITIALIZED_AUTOS = YES_AGGRESSIVE;
				GCC_WARN_UNUSED_FUNCTION = YES;
				GCC_WARN_UNUSED_VARIABLE = YES;
				IPHONEOS_DEPLOYMENT_TARGET = 11.2;
				MTL_ENABLE_DEBUG_INFO = NO;
				SDKROOT = iphoneos;
				SWIFT_OPTIMIZATION_LEVEL = "-Owholemodule";
				VALIDATE_PRODUCT = YES;
			};
			name = Release;
		};
		C68BE0A3203E9E9C006DF19A /* Debug */ = {
			isa = XCBuildConfiguration;
			buildSettings = {
				ALWAYS_EMBED_SWIFT_STANDARD_LIBRARIES = YES;
				ASSETCATALOG_COMPILER_APPICON_NAME = AppIcon;
				CODE_SIGN_STYLE = Automatic;
				DEVELOPMENT_TEAM = PC6ND5VTK9;
				INFOPLIST_FILE = UsingSQLite/Info.plist;
				LD_RUNPATH_SEARCH_PATHS = "$(inherited) @executable_path/Frameworks";
				PRODUCT_BUNDLE_IDENTIFIER = com.im100ruv.UsingSQLite;
				PRODUCT_NAME = "$(TARGET_NAME)";
				SWIFT_VERSION = 4.0;
				TARGETED_DEVICE_FAMILY = "1,2";
			};
			name = Debug;
		};
		C68BE0A4203E9E9C006DF19A /* Release */ = {
			isa = XCBuildConfiguration;
			buildSettings = {
				ALWAYS_EMBED_SWIFT_STANDARD_LIBRARIES = YES;
				ASSETCATALOG_COMPILER_APPICON_NAME = AppIcon;
				CODE_SIGN_STYLE = Automatic;
				DEVELOPMENT_TEAM = PC6ND5VTK9;
				INFOPLIST_FILE = UsingSQLite/Info.plist;
				LD_RUNPATH_SEARCH_PATHS = "$(inherited) @executable_path/Frameworks";
				PRODUCT_BUNDLE_IDENTIFIER = com.im100ruv.UsingSQLite;
				PRODUCT_NAME = "$(TARGET_NAME)";
				SWIFT_VERSION = 4.0;
				TARGETED_DEVICE_FAMILY = "1,2";
			};
			name = Release;
		};
/* End XCBuildConfiguration section */

/* Begin XCConfigurationList section */
		C68BE08B203E9E9C006DF19A /* Build configuration list for PBXProject "UsingSQLite" */ = {
			isa = XCConfigurationList;
			buildConfigurations = (
				C68BE0A0203E9E9C006DF19A /* Debug */,
				C68BE0A1203E9E9C006DF19A /* Release */,
			);
			defaultConfigurationIsVisible = 0;
			defaultConfigurationName = Release;
		};
		C68BE0A2203E9E9C006DF19A /* Build configuration list for PBXNativeTarget "UsingSQLite" */ = {
			isa = XCConfigurationList;
			buildConfigurations = (
				C68BE0A3203E9E9C006DF19A /* Debug */,
				C68BE0A4203E9E9C006DF19A /* Release */,
			);
			defaultConfigurationIsVisible = 0;
			defaultConfigurationName = Release;
		};
/* End XCConfigurationList section */
	};
	rootObject = C68BE088203E9E9C006DF19A /* Project object */;
}
